
Microsoft Visual Studio Solution File, Format Version 12.00
# Visual Studio Version 17
VisualStudioVersion = 17.7.34009.444
MinimumVisualStudioVersion = 10.0.40219.1
Project("{FAE04EC0-301F-11D3-BF4B-00C04F79EFBC}") = "scaffolding", "scaffolding\scaffolding.csproj", "{A603E44F-34AC-4B3E-91D1-72E3F54D7882}"
EndProject
Global
	GlobalSection(SolutionConfigurationPlatforms) = preSolution
		Debug|Any CPU = Debug|Any CPU
		Release|Any CPU = Release|Any CPU
	EndGlobalSection
	GlobalSection(ProjectConfigurationPlatforms) = postSolution
		{A603E44F-34AC-4B3E-91D1-72E3F54D7882}.Debug|Any CPU.ActiveCfg = Debug|Any CPU
		{A603E44F-34AC-4B3E-91D1-72E3F54D7882}.Debug|Any CPU.Build.0 = Debug|Any CPU
		{A603E44F-34AC-4B3E-91D1-72E3F54D7882}.Release|Any CPU.ActiveCfg = Release|Any CPU
		{A603E44F-34AC-4B3E-91D1-72E3F54D7882}.Release|Any CPU.Build.0 = Release|Any CPU
	EndGlobalSection
	GlobalSection(SolutionProperties) = preSolution
		HideSolutionNode = FALSE
	EndGlobalSection
	GlobalSection(ExtensibilityGlobals) = postSolution
		SolutionGuid = {E8F5A94C-136D-43A1-83BB-4CB3CA532E9C}
	EndGlobalSection
EndGlobal
